
Microsoft Visual Studio Solution File, Format Version 12.00
# Visual Studio Version 16
VisualStudioVersion = 16.0.30523.141
MinimumVisualStudioVersion = 10.0.40219.1
Project("{FAE04EC0-301F-11D3-BF4B-00C04F79EFBC}") = "Depco App.Android", "Depco App\Depco App.Android\Depco App.Android.csproj", "{740E5491-ACB2-488D-98DC-8507ADD5857B}"
EndProject
Project("{FAE04EC0-301F-11D3-BF4B-00C04F79EFBC}") = "Depco App.iOS", "Depco App\Depco App.iOS\Depco App.iOS.csproj", "{55B55F61-B4DC-41CE-BDD3-9D50105F53E0}"
EndProject
Project("{FAE04EC0-301F-11D3-BF4B-00C04F79EFBC}") = "Depco App", "Depco App\Depco App\Depco App.csproj", "{32ABA8E1-5CCC-434A-B19A-6C9ECB8DB775}"
EndProject
Global
	GlobalSection(SolutionConfigurationPlatforms) = preSolution
		Debug|Any CPU = Debug|Any CPU
		Debug|iPhone = Debug|iPhone
		Debug|iPhoneSimulator = Debug|iPhoneSimulator
		Release|Any CPU = Release|Any CPU
		Release|iPhone = Release|iPhone
		Release|iPhoneSimulator = Release|iPhoneSimulator
	EndGlobalSection
	GlobalSection(ProjectConfigurationPlatforms) = postSolution
		{740E5491-ACB2-488D-98DC-8507ADD5857B}.Debug|Any CPU.ActiveCfg = Debug|Any CPU
		{740E5491-ACB2-488D-98DC-8507ADD5857B}.Debug|Any CPU.Build.0 = Debug|Any CPU
		{740E5491-ACB2-488D-98DC-8507ADD5857B}.Debug|Any CPU.Deploy.0 = Debug|Any CPU
		{740E5491-ACB2-488D-98DC-8507ADD5857B}.Debug|iPhone.ActiveCfg = Debug|Any CPU
		{740E5491-ACB2-488D-98DC-8507ADD5857B}.Debug|iPhone.Build.0 = Debug|Any CPU
		{740E5491-ACB2-488D-98DC-8507ADD5857B}.Debug|iPhone.Deploy.0 = Debug|Any CPU
		{740E5491-ACB2-488D-98DC-8507ADD5857B}.Debug|iPhoneSimulator.ActiveCfg = Debug|Any CPU
		{740E5491-ACB2-488D-98DC-8507ADD5857B}.Debug|iPhoneSimulator.Build.0 = Debug|Any CPU
		{740E5491-ACB2-488D-98DC-8507ADD5857B}.Debug|iPhoneSimulator.Deploy.0 = Debug|Any CPU
		{740E5491-ACB2-488D-98DC-8507ADD5857B}.Release|Any CPU.ActiveCfg = Release|Any CPU
		{740E5491-ACB2-488D-98DC-8507ADD5857B}.Release|Any CPU.Build.0 = Release|Any CPU
		{740E5491-ACB2-488D-98DC-8507ADD5857B}.Release|Any CPU.Deploy.0 = Release|Any CPU
		{740E5491-ACB2-488D-98DC-8507ADD5857B}.Release|iPhone.ActiveCfg = Release|Any CPU
		{740E5491-ACB2-488D-98DC-8507ADD5857B}.Release|iPhone.Build.0 = Release|Any CPU
		{740E5491-ACB2-488D-98DC-8507ADD5857B}.Release|iPhone.Deploy.0 = Release|Any CPU
		{740E5491-ACB2-488D-98DC-8507ADD5857B}.Release|iPhoneSimulator.ActiveCfg = Release|Any CPU
		{740E5491-ACB2-488D-98DC-8507ADD5857B}.Release|iPhoneSimulator.Build.0 = Release|Any CPU
		{740E5491-ACB2-488D-98DC-8507ADD5857B}.Release|iPhoneSimulator.Deploy.0 = Release|Any CPU
		{55B55F61-B4DC-41CE-BDD3-9D50105F53E0}.Debug|Any CPU.ActiveCfg = Debug|iPhone
		{55B55F61-B4DC-41CE-BDD3-9D50105F53E0}.Debug|Any CPU.Build.0 = Debug|iPhone
		{55B55F61-B4DC-41CE-BDD3-9D50105F53E0}.Debug|Any CPU.Deploy.0 = Debug|iPhone
		{55B55F61-B4DC-41CE-BDD3-9D50105F53E0}.Debug|iPhone.ActiveCfg = Debug|iPhone
		{55B55F61-B4DC-41CE-BDD3-9D50105F53E0}.Debug|iPhone.Build.0 = Debug|iPhone
		{55B55F61-B4DC-41CE-BDD3-9D50105F53E0}.Debug|iPhone.Deploy.0 = Debug|iPhone
		{55B55F61-B4DC-41CE-BDD3-9D50105F53E0}.Debug|iPhoneSimulator.ActiveCfg = Debug|iPhoneSimulator
		{55B55F61-B4DC-41CE-BDD3-9D50105F53E0}.Debug|iPhoneSimulator.Build.0 = Debug|iPhoneSimulator
		{55B55F61-B4DC-41CE-BDD3-9D50105F53E0}.Debug|iPhoneSimulator.Deploy.0 = Debug|iPhoneSimulator
		{55B55F61-B4DC-41CE-BDD3-9D50105F53E0}.Release|Any CPU.ActiveCfg = Release|iPhoneSimulator
		{55B55F61-B4DC-41CE-BDD3-9D50105F53E0}.Release|Any CPU.Build.0 = Release|iPhoneSimulator
		{55B55F61-B4DC-41CE-BDD3-9D50105F53E0}.Release|Any CPU.Deploy.0 = Release|iPhoneSimulator
		{55B55F61-B4DC-41CE-BDD3-9D50105F53E0}.Release|iPhone.ActiveCfg = Release|iPhone
		{55B55F61-B4DC-41CE-BDD3-9D50105F53E0}.Release|iPhone.Build.0 = Release|iPhone
		{55B55F61-B4DC-41CE-BDD3-9D50105F53E0}.Release|iPhone.Deploy.0 = Release|iPhone
		{55B55F61-B4DC-41CE-BDD3-9D50105F53E0}.Release|iPhoneSimulator.ActiveCfg = Release|iPhoneSimulator
		{55B55F61-B4DC-41CE-BDD3-9D50105F53E0}.Release|iPhoneSimulator.Build.0 = Release|iPhoneSimulator
		{55B55F61-B4DC-41CE-BDD3-9D50105F53E0}.Release|iPhoneSimulator.Deploy.0 = Release|iPhoneSimulator
		{32ABA8E1-5CCC-434A-B19A-6C9ECB8DB775}.Debug|Any CPU.ActiveCfg = Debug|Any CPU
		{32ABA8E1-5CCC-434A-B19A-6C9ECB8DB775}.Debug|Any CPU.Build.0 = Debug|Any CPU
		{32ABA8E1-5CCC-434A-B19A-6C9ECB8DB775}.Debug|Any CPU.Deploy.0 = Debug|Any CPU
		{32ABA8E1-5CCC-434A-B19A-6C9ECB8DB775}.Debug|iPhone.ActiveCfg = Debug|Any CPU
		{32ABA8E1-5CCC-434A-B19A-6C9ECB8DB775}.Debug|iPhone.Build.0 = Debug|Any CPU
		{32ABA8E1-5CCC-434A-B19A-6C9ECB8DB775}.Debug|iPhone.Deploy.0 = Debug|Any CPU
		{32ABA8E1-5CCC-434A-B19A-6C9ECB8DB775}.Debug|iPhoneSimulator.ActiveCfg = Debug|Any CPU
		{32ABA8E1-5CCC-434A-B19A-6C9ECB8DB775}.Debug|iPhoneSimulator.Build.0 = Debug|Any CPU
		{32ABA8E1-5CCC-434A-B19A-6C9ECB8DB775}.Debug|iPhoneSimulator.Deploy.0 = Debug|Any CPU
		{32ABA8E1-5CCC-434A-B19A-6C9ECB8DB775}.Release|Any CPU.ActiveCfg = Release|Any CPU
		{32ABA8E1-5CCC-434A-B19A-6C9ECB8DB775}.Release|Any CPU.Build.0 = Release|Any CPU
		{32ABA8E1-5CCC-434A-B19A-6C9ECB8DB775}.Release|Any CPU.Deploy.0 = Release|Any CPU
		{32ABA8E1-5CCC-434A-B19A-6C9ECB8DB775}.Release|iPhone.ActiveCfg = Release|Any CPU
		{32ABA8E1-5CCC-434A-B19A-6C9ECB8DB775}.Release|iPhone.Build.0 = Release|Any CPU
		{32ABA8E1-5CCC-434A-B19A-6C9ECB8DB775}.Release|iPhone.Deploy.0 = Release|Any CPU
		{32ABA8E1-5CCC-434A-B19A-6C9ECB8DB775}.Release|iPhoneSimulator.ActiveCfg = Release|Any CPU
		{32ABA8E1-5CCC-434A-B19A-6C9ECB8DB775}.Release|iPhoneSimulator.Build.0 = Release|Any CPU
		{32ABA8E1-5CCC-434A-B19A-6C9ECB8DB775}.Release|iPhoneSimulator.Deploy.0 = Release|Any CPU
	EndGlobalSection
	GlobalSection(SolutionProperties) = preSolution
		HideSolutionNode = FALSE
	EndGlobalSection
	GlobalSection(ExtensibilityGlobals) = postSolution
		SolutionGuid = {58E3CCC0-F07F-4A5A-9DD2-94BF587B4BBE}
	EndGlobalSection
EndGlobal
